// !$*UTF8*$!
{
	archiveVersion = 1;
	classes = {
	};
	objectVersion = 54;
	objects = {

/* Begin PBXBuildFile section */
		13B07FBC1A68108700A75B9A /* AppDelegate.m in Sources */ = {isa = PBXBuildFile; fileRef = 13B07FB01A68108700A75B9A /* AppDelegate.m */; };
		13B07FBD1A68108700A75B9A /* LaunchScreen.xib in Resources */ = {isa = PBXBuildFile; fileRef = 13B07FB11A68108700A75B9A /* LaunchScreen.xib */; };
		13B07FBF1A68108700A75B9A /* Images.xcassets in Resources */ = {isa = PBXBuildFile; fileRef = 13B07FB51A68108700A75B9A /* Images.xcassets */; };
		13B07FC11A68108700A75B9A /* main.m in Sources */ = {isa = PBXBuildFile; fileRef = 13B07FB71A68108700A75B9A /* main.m */; };
		18FBD82A27452D9B00E0B8B3 /* File.swift in Sources */ = {isa = PBXBuildFile; fileRef = 18FBD82927452D9B00E0B8B3 /* File.swift */; };
		1C47BE3C25D415CC00ECE73D /* GoogleService-Info.plist in Resources */ = {isa = PBXBuildFile; fileRef = 1C47BE3B25D415CC00ECE73D /* GoogleService-Info.plist */; };
		1C7A397625D527EA0046B723 /* libreact-native-video-helper.a in Frameworks */ = {isa = PBXBuildFile; fileRef = 1C7A397525D527EA0046B723 /* libreact-native-video-helper.a */; };
		328683E32659220F5678F3BA /* libPods-players.a in Frameworks */ = {isa = PBXBuildFile; fileRef = ACC422151FDF5BE86319A3C6 /* libPods-players.a */; };
		3E461D99554A48A4959DE609 /* SplashScreen.storyboard in Resources */ = {isa = PBXBuildFile; fileRef = AA286B85B6C04FC6940260E9 /* SplashScreen.storyboard */; };
		A88C30FA25CC26A800A02D71 /* SquareInAppPaymentsSDKResources.bundle in Resources */ = {isa = PBXBuildFile; fileRef = A88C30F925CC26A800A02D71 /* SquareInAppPaymentsSDKResources.bundle */; };
		BB2F792D24A3F905000567C9 /* Expo.plist in Resources */ = {isa = PBXBuildFile; fileRef = BB2F792C24A3F905000567C9 /* Expo.plist */; };
		D328913D264BD8070008DD10 /* beep_go.mp3 in Resources */ = {isa = PBXBuildFile; fileRef = D328913A264BD8060008DD10 /* beep_go.mp3 */; };
		D328913E264BD8070008DD10 /* beep_countdown.mp3 in Resources */ = {isa = PBXBuildFile; fileRef = D328913C264BD8070008DD10 /* beep_countdown.mp3 */; };
/* End PBXBuildFile section */

/* Begin PBXContainerItemProxy section */
		1C7A375225D527330046B723 /* PBXContainerItemProxy */ = {
			isa = PBXContainerItemProxy;
			containerPortal = 1C7A374E25D527320046B723 /* RNVideoHelper.xcodeproj */;
			proxyType = 2;
			remoteGlobalIDString = 134814201AA4EA6300B7C361;
			remoteInfo = RNVideoHelper;
		};
/* End PBXContainerItemProxy section */

/* Begin PBXFileReference section */
		008F07F21AC5B25A0029DE68 /* main.jsbundle */ = {isa = PBXFileReference; fileEncoding = 4; lastKnownFileType = text; path = main.jsbundle; sourceTree = "<group>"; };
		0B08A18587FB47588BA2C8D3 /* FontAwesome5_Brands.ttf */ = {isa = PBXFileReference; explicitFileType = undefined; fileEncoding = 9; includeInIndex = 0; lastKnownFileType = unknown; name = FontAwesome5_Brands.ttf; path = "../node_modules/native-base/Fonts/FontAwesome5_Brands.ttf"; sourceTree = "<group>"; };
		0FD33F36F21A43D5B5F45639 /* FontAwesome5_Solid.ttf */ = {isa = PBXFileReference; explicitFileType = undefined; fileEncoding = 9; includeInIndex = 0; lastKnownFileType = unknown; name = FontAwesome5_Solid.ttf; path = "../node_modules/native-base/Fonts/FontAwesome5_Solid.ttf"; sourceTree = "<group>"; };
		115F44064F8F4AE199FEF455 /* Foundation.ttf */ = {isa = PBXFileReference; explicitFileType = undefined; fileEncoding = 9; includeInIndex = 0; lastKnownFileType = unknown; name = Foundation.ttf; path = "../node_modules/native-base/Fonts/Foundation.ttf"; sourceTree = "<group>"; };
		13B07F961A680F5B00A75B9A /* yes.app */ = {isa = PBXFileReference; explicitFileType = wrapper.application; includeInIndex = 0; path = yes.app; sourceTree = BUILT_PRODUCTS_DIR; };
		13B07FAF1A68108700A75B9A /* AppDelegate.h */ = {isa = PBXFileReference; fileEncoding = 4; lastKnownFileType = sourcecode.c.h; name = AppDelegate.h; path = players/AppDelegate.h; sourceTree = "<group>"; };
		13B07FB01A68108700A75B9A /* AppDelegate.m */ = {isa = PBXFileReference; fileEncoding = 4; lastKnownFileType = sourcecode.c.objc; name = AppDelegate.m; path = players/AppDelegate.m; sourceTree = "<group>"; };
		13B07FB21A68108700A75B9A /* Base */ = {isa = PBXFileReference; lastKnownFileType = file.xib; name = Base; path = Base.lproj/LaunchScreen.xib; sourceTree = "<group>"; };
		13B07FB51A68108700A75B9A /* Images.xcassets */ = {isa = PBXFileReference; lastKnownFileType = folder.assetcatalog; name = Images.xcassets; path = players/Images.xcassets; sourceTree = "<group>"; };
		13B07FB61A68108700A75B9A /* Info.plist */ = {isa = PBXFileReference; fileEncoding = 4; lastKnownFileType = text.plist.xml; name = Info.plist; path = players/Info.plist; sourceTree = "<group>"; };
		13B07FB71A68108700A75B9A /* main.m */ = {isa = PBXFileReference; fileEncoding = 4; lastKnownFileType = sourcecode.c.objc; name = main.m; path = players/main.m; sourceTree = "<group>"; };
		18FBD82827452D9B00E0B8B3 /* players-Bridging-Header.h */ = {isa = PBXFileReference; lastKnownFileType = sourcecode.c.h; path = "players-Bridging-Header.h"; sourceTree = "<group>"; };
		18FBD82927452D9B00E0B8B3 /* File.swift */ = {isa = PBXFileReference; lastKnownFileType = sourcecode.swift; path = File.swift; sourceTree = "<group>"; };
		18FBD82E2745359E00E0B8B3 /* libBVLinearGradient.a */ = {isa = PBXFileReference; explicitFileType = archive.ar; path = libBVLinearGradient.a; sourceTree = BUILT_PRODUCTS_DIR; };
		1C47BE3B25D415CC00ECE73D /* GoogleService-Info.plist */ = {isa = PBXFileReference; fileEncoding = 4; lastKnownFileType = text.plist.xml; path = "GoogleService-Info.plist"; sourceTree = "<group>"; };
		1C7A374E25D527320046B723 /* RNVideoHelper.xcodeproj */ = {isa = PBXFileReference; lastKnownFileType = "wrapper.pb-project"; name = RNVideoHelper.xcodeproj; path = "../node_modules/react-native-video-helper/ios/RNVideoHelper.xcodeproj"; sourceTree = "<group>"; };
		1C7A397525D527EA0046B723 /* libreact-native-video-helper.a */ = {isa = PBXFileReference; explicitFileType = archive.ar; path = "libreact-native-video-helper.a"; sourceTree = BUILT_PRODUCTS_DIR; };
		2822799528DAD5F000E3A49B /* libStripeApplePay.a */ = {isa = PBXFileReference; explicitFileType = archive.ar; path = libStripeApplePay.a; sourceTree = BUILT_PRODUCTS_DIR; };
		2822799828DAD61A00E3A49B /* libStripeCore.a */ = {isa = PBXFileReference; explicitFileType = archive.ar; path = libStripeCore.a; sourceTree = BUILT_PRODUCTS_DIR; };
		3C2F5655B4434D289039A052 /* Zocial.ttf */ = {isa = PBXFileReference; explicitFileType = undefined; fileEncoding = 9; includeInIndex = 0; lastKnownFileType = unknown; name = Zocial.ttf; path = "../node_modules/native-base/Fonts/Zocial.ttf"; sourceTree = "<group>"; };
		3DF900177B43426FA266C235 /* MaterialIcons.ttf */ = {isa = PBXFileReference; explicitFileType = undefined; fileEncoding = 9; includeInIndex = 0; lastKnownFileType = unknown; name = MaterialIcons.ttf; path = "../node_modules/native-base/Fonts/MaterialIcons.ttf"; sourceTree = "<group>"; };
		3FA41C7FC13E4D4A94C47C19 /* Entypo.ttf */ = {isa = PBXFileReference; explicitFileType = undefined; fileEncoding = 9; includeInIndex = 0; lastKnownFileType = unknown; name = Entypo.ttf; path = "../node_modules/native-base/Fonts/Entypo.ttf"; sourceTree = "<group>"; };
		4845B3F135834C71A237FC5D /* Feather.ttf */ = {isa = PBXFileReference; explicitFileType = undefined; fileEncoding = 9; includeInIndex = 0; lastKnownFileType = unknown; name = Feather.ttf; path = "../node_modules/native-base/Fonts/Feather.ttf"; sourceTree = "<group>"; };
		494D12B75179491B887D718C /* rubicon-icon-font.ttf */ = {isa = PBXFileReference; explicitFileType = undefined; fileEncoding = 9; includeInIndex = 0; lastKnownFileType = unknown; name = "rubicon-icon-font.ttf"; path = "../node_modules/native-base/Fonts/rubicon-icon-font.ttf"; sourceTree = "<group>"; };
		4B7CAD7B189B4243BB4859D7 /* MaterialCommunityIcons.ttf */ = {isa = PBXFileReference; explicitFileType = undefined; fileEncoding = 9; includeInIndex = 0; lastKnownFileType = unknown; name = MaterialCommunityIcons.ttf; path = "../node_modules/native-base/Fonts/MaterialCommunityIcons.ttf"; sourceTree = "<group>"; };
		53C581FEDC4849D6B82B3041 /* FontAwesome.ttf */ = {isa = PBXFileReference; explicitFileType = undefined; fileEncoding = 9; includeInIndex = 0; lastKnownFileType = unknown; name = FontAwesome.ttf; path = "../node_modules/native-base/Fonts/FontAwesome.ttf"; sourceTree = "<group>"; };
		5E02ADE088A440BFA55BFDD1 /* EvilIcons.ttf */ = {isa = PBXFileReference; explicitFileType = undefined; fileEncoding = 9; includeInIndex = 0; lastKnownFileType = unknown; name = EvilIcons.ttf; path = "../node_modules/native-base/Fonts/EvilIcons.ttf"; sourceTree = "<group>"; };
		69B6037241D54B3EA2AD564C /* SimpleLineIcons.ttf */ = {isa = PBXFileReference; explicitFileType = undefined; fileEncoding = 9; includeInIndex = 0; lastKnownFileType = unknown; name = SimpleLineIcons.ttf; path = "../node_modules/native-base/Fonts/SimpleLineIcons.ttf"; sourceTree = "<group>"; };
		827058028E2D4861915A17B0 /* Octicons.ttf */ = {isa = PBXFileReference; explicitFileType = undefined; fileEncoding = 9; includeInIndex = 0; lastKnownFileType = unknown; name = Octicons.ttf; path = "../node_modules/native-base/Fonts/Octicons.ttf"; sourceTree = "<group>"; };
		A88C30F925CC26A800A02D71 /* SquareInAppPaymentsSDKResources.bundle */ = {isa = PBXFileReference; lastKnownFileType = "wrapper.plug-in"; name = SquareInAppPaymentsSDKResources.bundle; path = SquareInAppPaymentsSDKs.framework/SquareInAppPaymentsSDK.framework/SquareInAppPaymentsSDKResources.bundle; sourceTree = "<group>"; };
		A88C30FC25CC2AB100A02D71 /* libRNSquareInAppPayments.a */ = {isa = PBXFileReference; explicitFileType = archive.ar; path = libRNSquareInAppPayments.a; sourceTree = BUILT_PRODUCTS_DIR; };
		A88C30FE25CC2AD100A02D71 /* SquareInAppPaymentsSDK.framework */ = {isa = PBXFileReference; lastKnownFileType = wrapper.framework; name = SquareInAppPaymentsSDK.framework; path = Pods/SquareInAppPaymentsSDK/SquareInAppPaymentsSDKs.framework/SquareInAppPaymentsSDK.framework; sourceTree = "<group>"; };
		A8F241B625C8032B007EE66A /* yesDebug.entitlements */ = {isa = PBXFileReference; lastKnownFileType = text.plist.entitlements; name = yesDebug.entitlements; path = players/yesDebug.entitlements; sourceTree = "<group>"; };
		AA286B85B6C04FC6940260E9 /* SplashScreen.storyboard */ = {isa = PBXFileReference; fileEncoding = 4; lastKnownFileType = file.storyboard; name = SplashScreen.storyboard; path = players/SplashScreen.storyboard; sourceTree = "<group>"; };
		ACC422151FDF5BE86319A3C6 /* libPods-players.a */ = {isa = PBXFileReference; explicitFileType = archive.ar; includeInIndex = 0; path = "libPods-players.a"; sourceTree = BUILT_PRODUCTS_DIR; };
		B6AF95CCED0813BDB21ED3AF /* Pods-players.debug.xcconfig */ = {isa = PBXFileReference; includeInIndex = 1; lastKnownFileType = text.xcconfig; name = "Pods-players.debug.xcconfig"; path = "Target Support Files/Pods-players/Pods-players.debug.xcconfig"; sourceTree = "<group>"; };
		BB2F792C24A3F905000567C9 /* Expo.plist */ = {isa = PBXFileReference; fileEncoding = 4; lastKnownFileType = text.plist.xml; path = Expo.plist; sourceTree = "<group>"; };
		D20CB1E5D0814168B76F9077 /* AntDesign.ttf */ = {isa = PBXFileReference; explicitFileType = undefined; fileEncoding = 9; includeInIndex = 0; lastKnownFileType = unknown; name = AntDesign.ttf; path = "../node_modules/native-base/Fonts/AntDesign.ttf"; sourceTree = "<group>"; };
		D2608AA016B347F6BC57919F /* Fontisto.ttf */ = {isa = PBXFileReference; explicitFileType = undefined; fileEncoding = 9; includeInIndex = 0; lastKnownFileType = unknown; name = Fontisto.ttf; path = "../node_modules/native-base/Fonts/Fontisto.ttf"; sourceTree = "<group>"; };
		D328913A264BD8060008DD10 /* beep_go.mp3 */ = {isa = PBXFileReference; lastKnownFileType = audio.mp3; name = beep_go.mp3; path = players/beep_go.mp3; sourceTree = "<group>"; };
		D328913C264BD8070008DD10 /* beep_countdown.mp3 */ = {isa = PBXFileReference; lastKnownFileType = audio.mp3; name = beep_countdown.mp3; path = players/beep_countdown.mp3; sourceTree = "<group>"; };
		E2F41964D8E041FF8E547E1C /* FontAwesome5_Regular.ttf */ = {isa = PBXFileReference; explicitFileType = undefined; fileEncoding = 9; includeInIndex = 0; lastKnownFileType = unknown; name = FontAwesome5_Regular.ttf; path = "../node_modules/native-base/Fonts/FontAwesome5_Regular.ttf"; sourceTree = "<group>"; };
		E592C9FC7A4347B4BEA8653B /* Roboto_medium.ttf */ = {isa = PBXFileReference; explicitFileType = undefined; fileEncoding = 9; includeInIndex = 0; lastKnownFileType = unknown; name = Roboto_medium.ttf; path = "../node_modules/native-base/Fonts/Roboto_medium.ttf"; sourceTree = "<group>"; };
		ED297162215061F000B7C4FE /* JavaScriptCore.framework */ = {isa = PBXFileReference; lastKnownFileType = wrapper.framework; name = JavaScriptCore.framework; path = System/Library/Frameworks/JavaScriptCore.framework; sourceTree = SDKROOT; };
		ED2971642150620600B7C4FE /* JavaScriptCore.framework */ = {isa = PBXFileReference; lastKnownFileType = wrapper.framework; name = JavaScriptCore.framework; path = Platforms/AppleTVOS.platform/Developer/SDKs/AppleTVOS12.0.sdk/System/Library/Frameworks/JavaScriptCore.framework; sourceTree = DEVELOPER_DIR; };
		F213D1BD0F3B4EE7BBAEFB7F /* Ionicons.ttf */ = {isa = PBXFileReference; explicitFileType = undefined; fileEncoding = 9; includeInIndex = 0; lastKnownFileType = unknown; name = Ionicons.ttf; path = "../node_modules/native-base/Fonts/Ionicons.ttf"; sourceTree = "<group>"; };
		F80FE301EF56E9AD2232D88B /* Pods-players.release.xcconfig */ = {isa = PBXFileReference; includeInIndex = 1; lastKnownFileType = text.xcconfig; name = "Pods-players.release.xcconfig"; path = "Target Support Files/Pods-players/Pods-players.release.xcconfig"; sourceTree = "<group>"; };
		F8A60291318443C0AB5F0E52 /* Roboto.ttf */ = {isa = PBXFileReference; explicitFileType = undefined; fileEncoding = 9; includeInIndex = 0; lastKnownFileType = unknown; name = Roboto.ttf; path = "../node_modules/native-base/Fonts/Roboto.ttf"; sourceTree = "<group>"; };
/* End PBXFileReference section */

/* Begin PBXFrameworksBuildPhase section */
		13B07F8C1A680F5B00A75B9A /* Frameworks */ = {
			isa = PBXFrameworksBuildPhase;
			buildActionMask = 2147483647;
			files = (
				1C7A397625D527EA0046B723 /* libreact-native-video-helper.a in Frameworks */,
				328683E32659220F5678F3BA /* libPods-players.a in Frameworks */,
			);
			runOnlyForDeploymentPostprocessing = 0;
		};
/* End PBXFrameworksBuildPhase section */

/* Begin PBXGroup section */
		13B07FAE1A68108700A75B9A /* players */ = {
			isa = PBXGroup;
			children = (
				D328913C264BD8070008DD10 /* beep_countdown.mp3 */,
				D328913A264BD8060008DD10 /* beep_go.mp3 */,
				A8F241B625C8032B007EE66A /* yesDebug.entitlements */,
				BB2F792B24A3F905000567C9 /* Supporting */,
				008F07F21AC5B25A0029DE68 /* main.jsbundle */,
				13B07FAF1A68108700A75B9A /* AppDelegate.h */,
				13B07FB01A68108700A75B9A /* AppDelegate.m */,
				13B07FB51A68108700A75B9A /* Images.xcassets */,
				13B07FB61A68108700A75B9A /* Info.plist */,
				13B07FB11A68108700A75B9A /* LaunchScreen.xib */,
				13B07FB71A68108700A75B9A /* main.m */,
				AA286B85B6C04FC6940260E9 /* SplashScreen.storyboard */,
			);
			name = players;
			sourceTree = "<group>";
		};
		1C7A374F25D527320046B723 /* Products */ = {
			isa = PBXGroup;
			children = (
				1C7A375325D527330046B723 /* libVideoHelper.a */,
			);
			name = Products;
			sourceTree = "<group>";
		};
		25A46DD287374A62B52B2CBC /* Resources */ = {
			isa = PBXGroup;
			children = (
				D20CB1E5D0814168B76F9077 /* AntDesign.ttf */,
				3FA41C7FC13E4D4A94C47C19 /* Entypo.ttf */,
				5E02ADE088A440BFA55BFDD1 /* EvilIcons.ttf */,
				4845B3F135834C71A237FC5D /* Feather.ttf */,
				53C581FEDC4849D6B82B3041 /* FontAwesome.ttf */,
				0B08A18587FB47588BA2C8D3 /* FontAwesome5_Brands.ttf */,
				E2F41964D8E041FF8E547E1C /* FontAwesome5_Regular.ttf */,
				0FD33F36F21A43D5B5F45639 /* FontAwesome5_Solid.ttf */,
				D2608AA016B347F6BC57919F /* Fontisto.ttf */,
				115F44064F8F4AE199FEF455 /* Foundation.ttf */,
				F213D1BD0F3B4EE7BBAEFB7F /* Ionicons.ttf */,
				4B7CAD7B189B4243BB4859D7 /* MaterialCommunityIcons.ttf */,
				3DF900177B43426FA266C235 /* MaterialIcons.ttf */,
				827058028E2D4861915A17B0 /* Octicons.ttf */,
				E592C9FC7A4347B4BEA8653B /* Roboto_medium.ttf */,
				F8A60291318443C0AB5F0E52 /* Roboto.ttf */,
				494D12B75179491B887D718C /* rubicon-icon-font.ttf */,
				69B6037241D54B3EA2AD564C /* SimpleLineIcons.ttf */,
				3C2F5655B4434D289039A052 /* Zocial.ttf */,
			);
			name = Resources;
			sourceTree = "<group>";
		};
		2D16E6871FA4F8E400B85C8A /* Frameworks */ = {
			isa = PBXGroup;
			children = (
				2822799828DAD61A00E3A49B /* libStripeCore.a */,
				2822799528DAD5F000E3A49B /* libStripeApplePay.a */,
				18FBD82E2745359E00E0B8B3 /* libBVLinearGradient.a */,
				1C7A397525D527EA0046B723 /* libreact-native-video-helper.a */,
				A88C30FE25CC2AD100A02D71 /* SquareInAppPaymentsSDK.framework */,
				A88C30FC25CC2AB100A02D71 /* libRNSquareInAppPayments.a */,
				ED297162215061F000B7C4FE /* JavaScriptCore.framework */,
				ED2971642150620600B7C4FE /* JavaScriptCore.framework */,
				ACC422151FDF5BE86319A3C6 /* libPods-players.a */,
			);
			name = Frameworks;
			sourceTree = "<group>";
		};
		832341AE1AAA6A7D00B99B32 /* Libraries */ = {
			isa = PBXGroup;
			children = (
				1C7A374E25D527320046B723 /* RNVideoHelper.xcodeproj */,
			);
			name = Libraries;
			sourceTree = "<group>";
		};
		83CBB9F61A601CBA00E9B192 = {
			isa = PBXGroup;
			children = (
				18FBD82927452D9B00E0B8B3 /* File.swift */,
				1C47BE3B25D415CC00ECE73D /* GoogleService-Info.plist */,
				A88C30F925CC26A800A02D71 /* SquareInAppPaymentsSDKResources.bundle */,
				13B07FAE1A68108700A75B9A /* players */,
				832341AE1AAA6A7D00B99B32 /* Libraries */,
				83CBBA001A601CBA00E9B192 /* Products */,
				2D16E6871FA4F8E400B85C8A /* Frameworks */,
				D65327D7A22EEC0BE12398D9 /* Pods */,
				25A46DD287374A62B52B2CBC /* Resources */,
				18FBD82827452D9B00E0B8B3 /* players-Bridging-Header.h */,
			);
			indentWidth = 2;
			sourceTree = "<group>";
			tabWidth = 2;
			usesTabs = 0;
		};
		83CBBA001A601CBA00E9B192 /* Products */ = {
			isa = PBXGroup;
			children = (
				13B07F961A680F5B00A75B9A /* yes.app */,
			);
			name = Products;
			sourceTree = "<group>";
		};
		BB2F792B24A3F905000567C9 /* Supporting */ = {
			isa = PBXGroup;
			children = (
				BB2F792C24A3F905000567C9 /* Expo.plist */,
			);
			name = Supporting;
			path = players/Supporting;
			sourceTree = "<group>";
		};
		D65327D7A22EEC0BE12398D9 /* Pods */ = {
			isa = PBXGroup;
			children = (
				B6AF95CCED0813BDB21ED3AF /* Pods-players.debug.xcconfig */,
				F80FE301EF56E9AD2232D88B /* Pods-players.release.xcconfig */,
			);
			path = Pods;
			sourceTree = "<group>";
		};
/* End PBXGroup section */

/* Begin PBXNativeTarget section */
		13B07F861A680F5B00A75B9A /* players */ = {
			isa = PBXNativeTarget;
			buildConfigurationList = 13B07F931A680F5B00A75B9A /* Build configuration list for PBXNativeTarget "players" */;
			buildPhases = (
				E6C8D88FBBD58A4A1A2B6947 /* [CP] Check Pods Manifest.lock */,
				FD10A7F022414F080027D42C /* Start Packager */,
				13B07F871A680F5B00A75B9A /* Sources */,
				13B07F8C1A680F5B00A75B9A /* Frameworks */,
				13B07F8E1A680F5B00A75B9A /* Resources */,
				00DD1BFF1BD5951E006B06BC /* Bundle React Native code and images */,
				815264F4BB000C1DC73897D9 /* [CP] Embed Pods Frameworks */,
				8D61DC941E958EFA8E3871F2 /* [CP] Copy Pods Resources */,
			);
			buildRules = (
			);
			dependencies = (
			);
			name = players;
			productName = players;
			productReference = 13B07F961A680F5B00A75B9A /* yes.app */;
			productType = "com.apple.product-type.application";
		};
/* End PBXNativeTarget section */

/* Begin PBXProject section */
		83CBB9F71A601CBA00E9B192 /* Project object */ = {
			isa = PBXProject;
			attributes = {
				LastUpgradeCheck = 1230;
				TargetAttributes = {
					13B07F861A680F5B00A75B9A = {
						DevelopmentTeam = TGUMDN26LB;
						LastSwiftMigration = 1240;
						ProvisioningStyle = Manual;
					};
				};
			};
			buildConfigurationList = 83CBB9FA1A601CBA00E9B192 /* Build configuration list for PBXProject "players" */;
			compatibilityVersion = "Xcode 3.2";
			developmentRegion = en;
			hasScannedForEncodings = 0;
			knownRegions = (
				en,
				Base,
			);
			mainGroup = 83CBB9F61A601CBA00E9B192;
			productRefGroup = 83CBBA001A601CBA00E9B192 /* Products */;
			projectDirPath = "";
			projectReferences = (
				{
					ProductGroup = 1C7A374F25D527320046B723 /* Products */;
					ProjectRef = 1C7A374E25D527320046B723 /* RNVideoHelper.xcodeproj */;
				},
			);
			projectRoot = "";
			targets = (
				13B07F861A680F5B00A75B9A /* players */,
			);
		};
/* End PBXProject section */

/* Begin PBXReferenceProxy section */
		1C7A375325D527330046B723 /* libVideoHelper.a */ = {
			isa = PBXReferenceProxy;
			fileType = archive.ar;
			name = libVideoHelper.a;
			path = libRNVideoHelper.a;
			remoteRef = 1C7A375225D527330046B723 /* PBXContainerItemProxy */;
			sourceTree = BUILT_PRODUCTS_DIR;
		};
/* End PBXReferenceProxy section */

/* Begin PBXResourcesBuildPhase section */
		13B07F8E1A680F5B00A75B9A /* Resources */ = {
			isa = PBXResourcesBuildPhase;
			buildActionMask = 2147483647;
			files = (
				A88C30FA25CC26A800A02D71 /* SquareInAppPaymentsSDKResources.bundle in Resources */,
				BB2F792D24A3F905000567C9 /* Expo.plist in Resources */,
				13B07FBF1A68108700A75B9A /* Images.xcassets in Resources */,
				D328913D264BD8070008DD10 /* beep_go.mp3 in Resources */,
				D328913E264BD8070008DD10 /* beep_countdown.mp3 in Resources */,
				13B07FBD1A68108700A75B9A /* LaunchScreen.xib in Resources */,
				3E461D99554A48A4959DE609 /* SplashScreen.storyboard in Resources */,
				1C47BE3C25D415CC00ECE73D /* GoogleService-Info.plist in Resources */,
			);
			runOnlyForDeploymentPostprocessing = 0;
		};
/* End PBXResourcesBuildPhase section */

/* Begin PBXShellScriptBuildPhase section */
		00DD1BFF1BD5951E006B06BC /* Bundle React Native code and images */ = {
			isa = PBXShellScriptBuildPhase;
			buildActionMask = 2147483647;
			files = (
			);
			inputPaths = (
			);
			name = "Bundle React Native code and images";
			outputPaths = (
			);
			runOnlyForDeploymentPostprocessing = 0;
			shellPath = /bin/sh;
			shellScript = "export NODE_BINARY=node\n../node_modules/react-native/scripts/react-native-xcode.sh\n../node_modules/expo-updates/scripts/create-manifest-ios.sh\n";
		};
		815264F4BB000C1DC73897D9 /* [CP] Embed Pods Frameworks */ = {
			isa = PBXShellScriptBuildPhase;
			buildActionMask = 2147483647;
			files = (
			);
			inputPaths = (
				"${PODS_ROOT}/Target Support Files/Pods-players/Pods-players-frameworks.sh",
				"${PODS_XCFRAMEWORKS_BUILD_DIR}/TwilioVideo/TwilioVideo.framework/TwilioVideo",
			);
			name = "[CP] Embed Pods Frameworks";
			outputPaths = (
				"${TARGET_BUILD_DIR}/${FRAMEWORKS_FOLDER_PATH}/TwilioVideo.framework",
			);
			runOnlyForDeploymentPostprocessing = 0;
			shellPath = /bin/sh;
			shellScript = "\"${PODS_ROOT}/Target Support Files/Pods-players/Pods-players-frameworks.sh\"\n";
			showEnvVarsInLog = 0;
		};
		8D61DC941E958EFA8E3871F2 /* [CP] Copy Pods Resources */ = {
			isa = PBXShellScriptBuildPhase;
			buildActionMask = 2147483647;
			files = (
			);
			inputPaths = (
				"${PODS_ROOT}/Target Support Files/Pods-players/Pods-players-resources.sh",
				"${PODS_ROOT}/../../node_modules/react-native-vector-icons/Fonts/AntDesign.ttf",
				"${PODS_ROOT}/../../node_modules/react-native-vector-icons/Fonts/Entypo.ttf",
				"${PODS_ROOT}/../../node_modules/react-native-vector-icons/Fonts/EvilIcons.ttf",
				"${PODS_ROOT}/../../node_modules/react-native-vector-icons/Fonts/Feather.ttf",
				"${PODS_ROOT}/../../node_modules/react-native-vector-icons/Fonts/FontAwesome.ttf",
				"${PODS_ROOT}/../../node_modules/react-native-vector-icons/Fonts/FontAwesome5_Brands.ttf",
				"${PODS_ROOT}/../../node_modules/react-native-vector-icons/Fonts/FontAwesome5_Regular.ttf",
				"${PODS_ROOT}/../../node_modules/react-native-vector-icons/Fonts/FontAwesome5_Solid.ttf",
				"${PODS_ROOT}/../../node_modules/react-native-vector-icons/Fonts/Fontisto.ttf",
				"${PODS_ROOT}/../../node_modules/react-native-vector-icons/Fonts/Foundation.ttf",
				"${PODS_ROOT}/../../node_modules/react-native-vector-icons/Fonts/Ionicons.ttf",
				"${PODS_ROOT}/../../node_modules/react-native-vector-icons/Fonts/MaterialCommunityIcons.ttf",
				"${PODS_ROOT}/../../node_modules/react-native-vector-icons/Fonts/MaterialIcons.ttf",
				"${PODS_ROOT}/../../node_modules/react-native-vector-icons/Fonts/Octicons.ttf",
				"${PODS_ROOT}/../../node_modules/react-native-vector-icons/Fonts/SimpleLineIcons.ttf",
				"${PODS_ROOT}/../../node_modules/react-native-vector-icons/Fonts/Zocial.ttf",
				"${PODS_CONFIGURATION_BUILD_DIR}/React-Core/AccessibilityResources.bundle",
				"${PODS_CONFIGURATION_BUILD_DIR}/Stripe/Stripe.bundle",
				"${PODS_CONFIGURATION_BUILD_DIR}/Stripe/Stripe3DS2.bundle",
				"${PODS_CONFIGURATION_BUILD_DIR}/StripeCore/StripeCore.bundle",
				"${PODS_CONFIGURATION_BUILD_DIR}/StripeFinancialConnections/StripeFinancialConnections.bundle",
				"${PODS_CONFIGURATION_BUILD_DIR}/StripeUICore/StripeUICore.bundle",
			);
			name = "[CP] Copy Pods Resources";
			outputPaths = (
				"${TARGET_BUILD_DIR}/${UNLOCALIZED_RESOURCES_FOLDER_PATH}/AntDesign.ttf",
				"${TARGET_BUILD_DIR}/${UNLOCALIZED_RESOURCES_FOLDER_PATH}/Entypo.ttf",
				"${TARGET_BUILD_DIR}/${UNLOCALIZED_RESOURCES_FOLDER_PATH}/EvilIcons.ttf",
				"${TARGET_BUILD_DIR}/${UNLOCALIZED_RESOURCES_FOLDER_PATH}/Feather.ttf",
				"${TARGET_BUILD_DIR}/${UNLOCALIZED_RESOURCES_FOLDER_PATH}/FontAwesome.ttf",
				"${TARGET_BUILD_DIR}/${UNLOCALIZED_RESOURCES_FOLDER_PATH}/FontAwesome5_Brands.ttf",
				"${TARGET_BUILD_DIR}/${UNLOCALIZED_RESOURCES_FOLDER_PATH}/FontAwesome5_Regular.ttf",
				"${TARGET_BUILD_DIR}/${UNLOCALIZED_RESOURCES_FOLDER_PATH}/FontAwesome5_Solid.ttf",
				"${TARGET_BUILD_DIR}/${UNLOCALIZED_RESOURCES_FOLDER_PATH}/Fontisto.ttf",
				"${TARGET_BUILD_DIR}/${UNLOCALIZED_RESOURCES_FOLDER_PATH}/Foundation.ttf",
				"${TARGET_BUILD_DIR}/${UNLOCALIZED_RESOURCES_FOLDER_PATH}/Ionicons.ttf",
				"${TARGET_BUILD_DIR}/${UNLOCALIZED_RESOURCES_FOLDER_PATH}/MaterialCommunityIcons.ttf",
				"${TARGET_BUILD_DIR}/${UNLOCALIZED_RESOURCES_FOLDER_PATH}/MaterialIcons.ttf",
				"${TARGET_BUILD_DIR}/${UNLOCALIZED_RESOURCES_FOLDER_PATH}/Octicons.ttf",
				"${TARGET_BUILD_DIR}/${UNLOCALIZED_RESOURCES_FOLDER_PATH}/SimpleLineIcons.ttf",
				"${TARGET_BUILD_DIR}/${UNLOCALIZED_RESOURCES_FOLDER_PATH}/Zocial.ttf",
				"${TARGET_BUILD_DIR}/${UNLOCALIZED_RESOURCES_FOLDER_PATH}/AccessibilityResources.bundle",
				"${TARGET_BUILD_DIR}/${UNLOCALIZED_RESOURCES_FOLDER_PATH}/Stripe.bundle",
				"${TARGET_BUILD_DIR}/${UNLOCALIZED_RESOURCES_FOLDER_PATH}/Stripe3DS2.bundle",
				"${TARGET_BUILD_DIR}/${UNLOCALIZED_RESOURCES_FOLDER_PATH}/StripeCore.bundle",
				"${TARGET_BUILD_DIR}/${UNLOCALIZED_RESOURCES_FOLDER_PATH}/StripeFinancialConnections.bundle",
				"${TARGET_BUILD_DIR}/${UNLOCALIZED_RESOURCES_FOLDER_PATH}/StripeUICore.bundle",
			);
			runOnlyForDeploymentPostprocessing = 0;
			shellPath = /bin/sh;
			shellScript = "\"${PODS_ROOT}/Target Support Files/Pods-players/Pods-players-resources.sh\"\n";
			showEnvVarsInLog = 0;
		};
		E6C8D88FBBD58A4A1A2B6947 /* [CP] Check Pods Manifest.lock */ = {
			isa = PBXShellScriptBuildPhase;
			buildActionMask = 2147483647;
			files = (
			);
			inputFileListPaths = (
			);
			inputPaths = (
				"${PODS_PODFILE_DIR_PATH}/Podfile.lock",
				"${PODS_ROOT}/Manifest.lock",
			);
			name = "[CP] Check Pods Manifest.lock";
			outputFileListPaths = (
			);
			outputPaths = (
				"$(DERIVED_FILE_DIR)/Pods-players-checkManifestLockResult.txt",
			);
			runOnlyForDeploymentPostprocessing = 0;
			shellPath = /bin/sh;
			shellScript = "diff \"${PODS_PODFILE_DIR_PATH}/Podfile.lock\" \"${PODS_ROOT}/Manifest.lock\" > /dev/null\nif [ $? != 0 ] ; then\n    # print error to STDERR\n    echo \"error: The sandbox is not in sync with the Podfile.lock. Run 'pod install' or update your CocoaPods installation.\" >&2\n    exit 1\nfi\n# This output is used by Xcode 'outputs' to avoid re-running this script phase.\necho \"SUCCESS\" > \"${SCRIPT_OUTPUT_FILE_0}\"\n";
			showEnvVarsInLog = 0;
		};
		FD10A7F022414F080027D42C /* Start Packager */ = {
			isa = PBXShellScriptBuildPhase;
			alwaysOutOfDate = 1;
			buildActionMask = 8;
			files = (
			);
			inputFileListPaths = (
			);
			inputPaths = (
			);
			name = "Start Packager";
			outputFileListPaths = (
			);
			outputPaths = (
			);
			runOnlyForDeploymentPostprocessing = 1;
			shellPath = /bin/sh;
			shellScript = "export RCT_METRO_PORT=\"${RCT_METRO_PORT:=8081}\"\necho \"export RCT_METRO_PORT=${RCT_METRO_PORT}\" > \"${SRCROOT}/../node_modules/react-native/scripts/.packager.env\"\nif [ -z \"${RCT_NO_LAUNCH_PACKAGER+xxx}\" ] ; then\n  if nc -w 5 -z localhost ${RCT_METRO_PORT} ; then\n    if ! curl -s \"http://localhost:${RCT_METRO_PORT}/status\" | grep -q \"packager-status:running\" ; then\n      echo \"Port ${RCT_METRO_PORT} already in use, packager is either not running or not running correctly\"\n      exit 2\n    fi\n  else\n    open \"$SRCROOT/../node_modules/react-native/scripts/launchPackager.command\" || echo \"Can't start packager automatically\"\n  fi\nfi\n";
			showEnvVarsInLog = 0;
		};
/* End PBXShellScriptBuildPhase section */

/* Begin PBXSourcesBuildPhase section */
		13B07F871A680F5B00A75B9A /* Sources */ = {
			isa = PBXSourcesBuildPhase;
			buildActionMask = 2147483647;
			files = (
				13B07FBC1A68108700A75B9A /* AppDelegate.m in Sources */,
				18FBD82A27452D9B00E0B8B3 /* File.swift in Sources */,
				13B07FC11A68108700A75B9A /* main.m in Sources */,
			);
			runOnlyForDeploymentPostprocessing = 0;
		};
/* End PBXSourcesBuildPhase section */

/* Begin PBXVariantGroup section */
		13B07FB11A68108700A75B9A /* LaunchScreen.xib */ = {
			isa = PBXVariantGroup;
			children = (
				13B07FB21A68108700A75B9A /* Base */,
			);
			name = LaunchScreen.xib;
			path = players;
			sourceTree = "<group>";
		};
/* End PBXVariantGroup section */

/* Begin XCBuildConfiguration section */
		13B07F941A680F5B00A75B9A /* Debug */ = {
			isa = XCBuildConfiguration;
			baseConfigurationReference = B6AF95CCED0813BDB21ED3AF /* Pods-players.debug.xcconfig */;
			buildSettings = {
				ASSETCATALOG_COMPILER_APPICON_NAME = AppIcon;
				CLANG_ENABLE_MODULES = YES;
				CODE_SIGN_ENTITLEMENTS = players/yesDebug.entitlements;
				CODE_SIGN_IDENTITY = "iPhone Distribution: Richard Maicki (TGUMDN26LB)";
				"CODE_SIGN_IDENTITY[sdk=iphoneos*]" = "iPhone Distribution: Richard Maicki (TGUMDN26LB)";
				CODE_SIGN_STYLE = Manual;
				CURRENT_PROJECT_VERSION = 1;
				DEVELOPMENT_TEAM = TGUMDN26LB;
				ENABLE_BITCODE = NO;
				"EXCLUDED_ARCHS[sdk=iphonesimulator*]" = arm64;
				FRAMEWORK_SEARCH_PATHS = (
					"$(inherited)",
					"$(PROJECT_DIR)/Pods/SquareInAppPaymentsSDK/SquareInAppPaymentsSDKs.framework",
					"$(PROJECT_DIR)/Pods/SquareInAppPaymentsSDK",
				);
				GCC_PREPROCESSOR_DEFINITIONS = (
					"$(inherited)",
					"FB_SONARKIT_ENABLED=1",
				);
				HEADER_SEARCH_PATHS = "$(inherited)";
				INFOPLIST_FILE = players/Info.plist;
				INFOPLIST_KEY_CFBundleDisplayName = PRL;
				INFOPLIST_KEY_LSApplicationCategoryType = "public.app-category.sports";
				IPHONEOS_DEPLOYMENT_TARGET = 12.0;
				LD_RUNPATH_SEARCH_PATHS = (
					"$(inherited)",
					"@executable_path/Frameworks",
				);
				LIBRARY_SEARCH_PATHS = (
					"\"${PODS_CONFIGURATION_BUILD_DIR}/BVLinearGradient\"",
					"\"${PODS_CONFIGURATION_BUILD_DIR}/DoubleConversion\"",
					"\"${PODS_CONFIGURATION_BUILD_DIR}/EXAdsAdMob\"",
					"\"${PODS_CONFIGURATION_BUILD_DIR}/EXConstants\"",
					"\"${PODS_CONFIGURATION_BUILD_DIR}/EXDocumentPicker\"",
					"\"${PODS_CONFIGURATION_BUILD_DIR}/EXErrorRecovery\"",
					"\"${PODS_CONFIGURATION_BUILD_DIR}/EXFileSystem\"",
					"\"${PODS_CONFIGURATION_BUILD_DIR}/EXFont\"",
					"\"${PODS_CONFIGURATION_BUILD_DIR}/EXImageLoader\"",
					"\"${PODS_CONFIGURATION_BUILD_DIR}/EXImagePicker\"",
					"\"${PODS_CONFIGURATION_BUILD_DIR}/EXKeepAwake\"",
					"\"${PODS_CONFIGURATION_BUILD_DIR}/EXLinearGradient\"",
					"\"${PODS_CONFIGURATION_BUILD_DIR}/EXLocation\"",
					"\"${PODS_CONFIGURATION_BUILD_DIR}/EXPermissions\"",
					"\"${PODS_CONFIGURATION_BUILD_DIR}/EXSQLite\"",
					"\"${PODS_CONFIGURATION_BUILD_DIR}/EXSplashScreen\"",
					"\"${PODS_CONFIGURATION_BUILD_DIR}/EXUpdates\"",
					"\"${PODS_CONFIGURATION_BUILD_DIR}/ExpoModulesCore\"",
					"\"${PODS_CONFIGURATION_BUILD_DIR}/FBReactNativeSpec\"",
					"\"${PODS_CONFIGURATION_BUILD_DIR}/FirebaseCore\"",
					"\"${PODS_CONFIGURATION_BUILD_DIR}/FirebaseCoreDiagnostics\"",
					"\"${PODS_CONFIGURATION_BUILD_DIR}/FirebaseCrashlytics\"",
					"\"${PODS_CONFIGURATION_BUILD_DIR}/FirebaseInstallations\"",
					"\"${PODS_CONFIGURATION_BUILD_DIR}/FirebaseInstanceID\"",
					"\"${PODS_CONFIGURATION_BUILD_DIR}/FirebaseMessaging\"",
					"\"${PODS_CONFIGURATION_BUILD_DIR}/Folly\"",
					"\"${PODS_CONFIGURATION_BUILD_DIR}/GoogleDataTransport\"",
					"\"${PODS_CONFIGURATION_BUILD_DIR}/GoogleUtilities\"",
					"\"${PODS_CONFIGURATION_BUILD_DIR}/Permission-AppTrackingTransparency\"",
					"\"${PODS_CONFIGURATION_BUILD_DIR}/Permission-BluetoothPeripheral\"",
					"\"${PODS_CONFIGURATION_BUILD_DIR}/Permission-Calendars\"",
					"\"${PODS_CONFIGURATION_BUILD_DIR}/Permission-Camera\"",
					"\"${PODS_CONFIGURATION_BUILD_DIR}/Permission-Contacts\"",
					"\"${PODS_CONFIGURATION_BUILD_DIR}/Permission-FaceID\"",
					"\"${PODS_CONFIGURATION_BUILD_DIR}/Permission-LocationAccuracy\"",
					"\"${PODS_CONFIGURATION_BUILD_DIR}/Permission-LocationAlways\"",
					"\"${PODS_CONFIGURATION_BUILD_DIR}/Permission-LocationWhenInUse\"",
					"\"${PODS_CONFIGURATION_BUILD_DIR}/Permission-MediaLibrary\"",
					"\"${PODS_CONFIGURATION_BUILD_DIR}/Permission-Microphone\"",
					"\"${PODS_CONFIGURATION_BUILD_DIR}/Permission-Motion\"",
					"\"${PODS_CONFIGURATION_BUILD_DIR}/Permission-Notifications\"",
					"\"${PODS_CONFIGURATION_BUILD_DIR}/Permission-PhotoLibrary\"",
					"\"${PODS_CONFIGURATION_BUILD_DIR}/Permission-PhotoLibraryAddOnly\"",
					"\"${PODS_CONFIGURATION_BUILD_DIR}/Permission-Reminders\"",
					"\"${PODS_CONFIGURATION_BUILD_DIR}/Permission-Siri\"",
					"\"${PODS_CONFIGURATION_BUILD_DIR}/Permission-SpeechRecognition\"",
					"\"${PODS_CONFIGURATION_BUILD_DIR}/Permission-StoreKit\"",
					"\"${PODS_CONFIGURATION_BUILD_DIR}/PromisesObjC\"",
					"\"${PODS_CONFIGURATION_BUILD_DIR}/Protobuf\"",
					"\"${PODS_CONFIGURATION_BUILD_DIR}/RCTSystemSetting\"",
					"\"${PODS_CONFIGURATION_BUILD_DIR}/RCTTypeSafety\"",
					"\"${PODS_CONFIGURATION_BUILD_DIR}/RNCAsyncStorage\"",
					"\"${PODS_CONFIGURATION_BUILD_DIR}/RNCMaskedView\"",
					"\"${PODS_CONFIGURATION_BUILD_DIR}/RNDateTimePicker\"",
					"\"${PODS_CONFIGURATION_BUILD_DIR}/RNFirebase\"",
					"\"${PODS_CONFIGURATION_BUILD_DIR}/RNGestureHandler\"",
					"\"${PODS_CONFIGURATION_BUILD_DIR}/RNPermissions\"",
					"\"${PODS_CONFIGURATION_BUILD_DIR}/RNReanimated\"",
					"\"${PODS_CONFIGURATION_BUILD_DIR}/RNSVG\"",
					"\"${PODS_CONFIGURATION_BUILD_DIR}/RNScreens\"",
					"\"${PODS_CONFIGURATION_BUILD_DIR}/RNSoundPlayer\"",
					"\"${PODS_CONFIGURATION_BUILD_DIR}/RNVectorIcons\"",
					"\"${PODS_CONFIGURATION_BUILD_DIR}/React-Core\"",
					"\"${PODS_CONFIGURATION_BUILD_DIR}/React-CoreModules\"",
					"\"${PODS_CONFIGURATION_BUILD_DIR}/React-RCTAnimation\"",
					"\"${PODS_CONFIGURATION_BUILD_DIR}/React-RCTBlob\"",
					"\"${PODS_CONFIGURATION_BUILD_DIR}/React-RCTImage\"",
					"\"${PODS_CONFIGURATION_BUILD_DIR}/React-RCTLinking\"",
					"\"${PODS_CONFIGURATION_BUILD_DIR}/React-RCTNetwork\"",
					"\"${PODS_CONFIGURATION_BUILD_DIR}/React-RCTSettings\"",
					"\"${PODS_CONFIGURATION_BUILD_DIR}/React-RCTText\"",
					"\"${PODS_CONFIGURATION_BUILD_DIR}/React-RCTVibration\"",
					"\"${PODS_CONFIGURATION_BUILD_DIR}/React-cxxreact\"",
					"\"${PODS_CONFIGURATION_BUILD_DIR}/React-jsi\"",
					"\"${PODS_CONFIGURATION_BUILD_DIR}/React-jsiexecutor\"",
					"\"${PODS_CONFIGURATION_BUILD_DIR}/React-jsinspector\"",
					"\"${PODS_CONFIGURATION_BUILD_DIR}/ReactCommon\"",
					"\"${PODS_CONFIGURATION_BUILD_DIR}/ReactNativeExceptionHandler\"",
					"\"${PODS_CONFIGURATION_BUILD_DIR}/Stripe\"",
					"\"${PODS_CONFIGURATION_BUILD_DIR}/StripeCore\"",
					"\"${PODS_CONFIGURATION_BUILD_DIR}/StripeUICore\"",
					"\"${PODS_CONFIGURATION_BUILD_DIR}/StripeApplePay\"",
					"\"${PODS_CONFIGURATION_BUILD_DIR}/StripeFinancialConnections\"",
					"\"${PODS_CONFIGURATION_BUILD_DIR}/UMAppLoader\"",
					"\"${PODS_CONFIGURATION_BUILD_DIR}/UMCore\"",
					"\"${PODS_CONFIGURATION_BUILD_DIR}/UMPermissionsInterface\"",
					"\"${PODS_CONFIGURATION_BUILD_DIR}/UMReactNativeAdapter\"",
					"\"${PODS_CONFIGURATION_BUILD_DIR}/Yoga\"",
					"\"${PODS_CONFIGURATION_BUILD_DIR}/glog\"",
					"\"${PODS_CONFIGURATION_BUILD_DIR}/nanopb\"",
					"\"${PODS_CONFIGURATION_BUILD_DIR}/react-native-audio-session\"",
					"\"${PODS_CONFIGURATION_BUILD_DIR}/react-native-create-thumbnail\"",
					"\"${PODS_CONFIGURATION_BUILD_DIR}/react-native-document-picker\"",
					"\"${PODS_CONFIGURATION_BUILD_DIR}/react-native-image-picker\"",
					"\"${PODS_CONFIGURATION_BUILD_DIR}/react-native-image-resizer\"",
					"\"${PODS_CONFIGURATION_BUILD_DIR}/react-native-restart\"",
					"\"${PODS_CONFIGURATION_BUILD_DIR}/react-native-safe-area-context\"",
					"\"${PODS_CONFIGURATION_BUILD_DIR}/react-native-twilio-video-webrtc\"",
					"\"${PODS_CONFIGURATION_BUILD_DIR}/react-native-video-helper\"",
					"\"${PODS_CONFIGURATION_BUILD_DIR}/react-native-webview\"",
					"\"${PODS_CONFIGURATION_BUILD_DIR}/stripe-react-native\"",
					/usr/lib/swift,
				);
				MARKETING_VERSION = 12;
				OTHER_LDFLAGS = (
					"$(inherited)",
					"-ObjC",
					"-lc++",
				);
				PRODUCT_BUNDLE_IDENTIFIER = com.app.myMVPprl;
				PRODUCT_NAME = yes;
				PROVISIONING_PROFILE_SPECIFIER = PRL_2k20;
				SWIFT_OBJC_BRIDGING_HEADER = "players-Bridging-Header.h";
				SWIFT_OPTIMIZATION_LEVEL = "-Onone";
				SWIFT_VERSION = 5.0;
				TARGETED_DEVICE_FAMILY = 1;
				VERSIONING_SYSTEM = "apple-generic";
			};
			name = Debug;
		};
		13B07F951A680F5B00A75B9A /* Release */ = {
			isa = XCBuildConfiguration;
			baseConfigurationReference = F80FE301EF56E9AD2232D88B /* Pods-players.release.xcconfig */;
			buildSettings = {
				ASSETCATALOG_COMPILER_APPICON_NAME = AppIcon;
				CLANG_ENABLE_MODULES = YES;
				CODE_SIGN_ENTITLEMENTS = players/yes.entitlements;
				CODE_SIGN_IDENTITY = "iPhone Distribution: Richard Maicki (TGUMDN26LB)";
				"CODE_SIGN_IDENTITY[sdk=iphoneos*]" = "iPhone Distribution: Richard Maicki (TGUMDN26LB)";
				CODE_SIGN_STYLE = Manual;
				CURRENT_PROJECT_VERSION = 1;
				DEVELOPMENT_TEAM = TGUMDN26LB;
				ENABLE_BITCODE = NO;
				"EXCLUDED_ARCHS[sdk=iphonesimulator*]" = arm64;
				FRAMEWORK_SEARCH_PATHS = (
					"$(inherited)",
					"$(PROJECT_DIR)/Pods/SquareInAppPaymentsSDK/SquareInAppPaymentsSDKs.framework",
					"$(PROJECT_DIR)/Pods/SquareInAppPaymentsSDK",
				);
				HEADER_SEARCH_PATHS = "$(inherited)";
				INFOPLIST_FILE = players/Info.plist;
				INFOPLIST_KEY_CFBundleDisplayName = PRL;
				INFOPLIST_KEY_LSApplicationCategoryType = "public.app-category.sports";
				IPHONEOS_DEPLOYMENT_TARGET = 12.0;
				LD_RUNPATH_SEARCH_PATHS = (
					"$(inherited)",
					"@executable_path/Frameworks",
				);
				LIBRARY_SEARCH_PATHS = (
					"\"${PODS_CONFIGURATION_BUILD_DIR}/BVLinearGradient\"",
					"\"${PODS_CONFIGURATION_BUILD_DIR}/DoubleConversion\"",
					"\"${PODS_CONFIGURATION_BUILD_DIR}/EXAdsAdMob\"",
					"\"${PODS_CONFIGURATION_BUILD_DIR}/EXConstants\"",
					"\"${PODS_CONFIGURATION_BUILD_DIR}/EXDocumentPicker\"",
					"\"${PODS_CONFIGURATION_BUILD_DIR}/EXErrorRecovery\"",
					"\"${PODS_CONFIGURATION_BUILD_DIR}/EXFileSystem\"",
					"\"${PODS_CONFIGURATION_BUILD_DIR}/EXFont\"",
					"\"${PODS_CONFIGURATION_BUILD_DIR}/EXImageLoader\"",
					"\"${PODS_CONFIGURATION_BUILD_DIR}/EXImagePicker\"",
					"\"${PODS_CONFIGURATION_BUILD_DIR}/EXKeepAwake\"",
					"\"${PODS_CONFIGURATION_BUILD_DIR}/EXLinearGradient\"",
					"\"${PODS_CONFIGURATION_BUILD_DIR}/EXLocation\"",
					"\"${PODS_CONFIGURATION_BUILD_DIR}/EXPermissions\"",
					"\"${PODS_CONFIGURATION_BUILD_DIR}/EXSQLite\"",
					"\"${PODS_CONFIGURATION_BUILD_DIR}/EXSplashScreen\"",
					"\"${PODS_CONFIGURATION_BUILD_DIR}/EXUpdates\"",
					"\"${PODS_CONFIGURATION_BUILD_DIR}/ExpoModulesCore\"",
					"\"${PODS_CONFIGURATION_BUILD_DIR}/FBReactNativeSpec\"",
					"\"${PODS_CONFIGURATION_BUILD_DIR}/FirebaseCore\"",
					"\"${PODS_CONFIGURATION_BUILD_DIR}/FirebaseCoreDiagnostics\"",
					"\"${PODS_CONFIGURATION_BUILD_DIR}/FirebaseCrashlytics\"",
					"\"${PODS_CONFIGURATION_BUILD_DIR}/FirebaseInstallations\"",
					"\"${PODS_CONFIGURATION_BUILD_DIR}/FirebaseInstanceID\"",
					"\"${PODS_CONFIGURATION_BUILD_DIR}/FirebaseMessaging\"",
					"\"${PODS_CONFIGURATION_BUILD_DIR}/Folly\"",
					"\"${PODS_CONFIGURATION_BUILD_DIR}/GoogleDataTransport\"",
					"\"${PODS_CONFIGURATION_BUILD_DIR}/GoogleUtilities\"",
					"\"${PODS_CONFIGURATION_BUILD_DIR}/Permission-AppTrackingTransparency\"",
					"\"${PODS_CONFIGURATION_BUILD_DIR}/Permission-BluetoothPeripheral\"",
					"\"${PODS_CONFIGURATION_BUILD_DIR}/Permission-Calendars\"",
					"\"${PODS_CONFIGURATION_BUILD_DIR}/Permission-Camera\"",
					"\"${PODS_CONFIGURATION_BUILD_DIR}/Permission-Contacts\"",
					"\"${PODS_CONFIGURATION_BUILD_DIR}/Permission-FaceID\"",
					"\"${PODS_CONFIGURATION_BUILD_DIR}/Permission-LocationAccuracy\"",
					"\"${PODS_CONFIGURATION_BUILD_DIR}/Permission-LocationAlways\"",
					"\"${PODS_CONFIGURATION_BUILD_DIR}/Permission-LocationWhenInUse\"",
					"\"${PODS_CONFIGURATION_BUILD_DIR}/Permission-MediaLibrary\"",
					"\"${PODS_CONFIGURATION_BUILD_DIR}/Permission-Microphone\"",
					"\"${PODS_CONFIGURATION_BUILD_DIR}/Permission-Motion\"",
					"\"${PODS_CONFIGURATION_BUILD_DIR}/Permission-Notifications\"",
					"\"${PODS_CONFIGURATION_BUILD_DIR}/Permission-PhotoLibrary\"",
					"\"${PODS_CONFIGURATION_BUILD_DIR}/Permission-PhotoLibraryAddOnly\"",
					"\"${PODS_CONFIGURATION_BUILD_DIR}/Permission-Reminders\"",
					"\"${PODS_CONFIGURATION_BUILD_DIR}/Permission-Siri\"",
					"\"${PODS_CONFIGURATION_BUILD_DIR}/Permission-SpeechRecognition\"",
					"\"${PODS_CONFIGURATION_BUILD_DIR}/Permission-StoreKit\"",
					"\"${PODS_CONFIGURATION_BUILD_DIR}/PromisesObjC\"",
					"\"${PODS_CONFIGURATION_BUILD_DIR}/Protobuf\"",
					"\"${PODS_CONFIGURATION_BUILD_DIR}/RCTSystemSetting\"",
					"\"${PODS_CONFIGURATION_BUILD_DIR}/RCTTypeSafety\"",
					"\"${PODS_CONFIGURATION_BUILD_DIR}/RNCAsyncStorage\"",
					"\"${PODS_CONFIGURATION_BUILD_DIR}/RNCMaskedView\"",
					"\"${PODS_CONFIGURATION_BUILD_DIR}/RNDateTimePicker\"",
					"\"${PODS_CONFIGURATION_BUILD_DIR}/RNFirebase\"",
					"\"${PODS_CONFIGURATION_BUILD_DIR}/RNGestureHandler\"",
					"\"${PODS_CONFIGURATION_BUILD_DIR}/RNPermissions\"",
					"\"${PODS_CONFIGURATION_BUILD_DIR}/RNReanimated\"",
					"\"${PODS_CONFIGURATION_BUILD_DIR}/RNSVG\"",
					"\"${PODS_CONFIGURATION_BUILD_DIR}/RNScreens\"",
					"\"${PODS_CONFIGURATION_BUILD_DIR}/RNSoundPlayer\"",
					"\"${PODS_CONFIGURATION_BUILD_DIR}/RNVectorIcons\"",
					"\"${PODS_CONFIGURATION_BUILD_DIR}/React-Core\"",
					"\"${PODS_CONFIGURATION_BUILD_DIR}/React-CoreModules\"",
					"\"${PODS_CONFIGURATION_BUILD_DIR}/React-RCTAnimation\"",
					"\"${PODS_CONFIGURATION_BUILD_DIR}/React-RCTBlob\"",
					"\"${PODS_CONFIGURATION_BUILD_DIR}/React-RCTImage\"",
					"\"${PODS_CONFIGURATION_BUILD_DIR}/React-RCTLinking\"",
					"\"${PODS_CONFIGURATION_BUILD_DIR}/React-RCTNetwork\"",
					"\"${PODS_CONFIGURATION_BUILD_DIR}/React-RCTSettings\"",
					"\"${PODS_CONFIGURATION_BUILD_DIR}/React-RCTText\"",
					"\"${PODS_CONFIGURATION_BUILD_DIR}/React-RCTVibration\"",
					"\"${PODS_CONFIGURATION_BUILD_DIR}/React-cxxreact\"",
					"\"${PODS_CONFIGURATION_BUILD_DIR}/React-jsi\"",
					"\"${PODS_CONFIGURATION_BUILD_DIR}/React-jsiexecutor\"",
					"\"${PODS_CONFIGURATION_BUILD_DIR}/React-jsinspector\"",
					"\"${PODS_CONFIGURATION_BUILD_DIR}/ReactCommon\"",
					"\"${PODS_CONFIGURATION_BUILD_DIR}/ReactNativeExceptionHandler\"",
					"\"${PODS_CONFIGURATION_BUILD_DIR}/Stripe\"",
					"\"${PODS_CONFIGURATION_BUILD_DIR}/StripeCore\"",
					"\"${PODS_CONFIGURATION_BUILD_DIR}/StripeUICore\"",
					"\"${PODS_CONFIGURATION_BUILD_DIR}/StripeApplePay\"",
					"\"${PODS_CONFIGURATION_BUILD_DIR}/StripeFinancialConnections\"",
					"\"${PODS_CONFIGURATION_BUILD_DIR}/UMAppLoader\"",
					"\"${PODS_CONFIGURATION_BUILD_DIR}/UMCore\"",
					"\"${PODS_CONFIGURATION_BUILD_DIR}/UMPermissionsInterface\"",
					"\"${PODS_CONFIGURATION_BUILD_DIR}/UMReactNativeAdapter\"",
					"\"${PODS_CONFIGURATION_BUILD_DIR}/Yoga\"",
					"\"${PODS_CONFIGURATION_BUILD_DIR}/glog\"",
					"\"${PODS_CONFIGURATION_BUILD_DIR}/nanopb\"",
					"\"${PODS_CONFIGURATION_BUILD_DIR}/react-native-audio-session\"",
					"\"${PODS_CONFIGURATION_BUILD_DIR}/react-native-create-thumbnail\"",
					"\"${PODS_CONFIGURATION_BUILD_DIR}/react-native-document-picker\"",
					"\"${PODS_CONFIGURATION_BUILD_DIR}/react-native-image-picker\"",
					"\"${PODS_CONFIGURATION_BUILD_DIR}/react-native-image-resizer\"",
					"\"${PODS_CONFIGURATION_BUILD_DIR}/react-native-restart\"",
					"\"${PODS_CONFIGURATION_BUILD_DIR}/react-native-safe-area-context\"",
					"\"${PODS_CONFIGURATION_BUILD_DIR}/react-native-twilio-video-webrtc\"",
					"\"${PODS_CONFIGURATION_BUILD_DIR}/react-native-video-helper\"",
					"\"${PODS_CONFIGURATION_BUILD_DIR}/react-native-webview\"",
					"\"${PODS_CONFIGURATION_BUILD_DIR}/stripe-react-native\"",
					/usr/lib/swift,
				);
				MARKETING_VERSION = 12;
				OTHER_LDFLAGS = (
					"$(inherited)",
					"-ObjC",
					"-lc++",
				);
				PRODUCT_BUNDLE_IDENTIFIER = com.app.myMVPprl;
				PRODUCT_NAME = yes;
				PROVISIONING_PROFILE_SPECIFIER = PRL_2k20;
				SWIFT_OBJC_BRIDGING_HEADER = "players-Bridging-Header.h";
				SWIFT_VERSION = 5.0;
				TARGETED_DEVICE_FAMILY = 1;
				VERSIONING_SYSTEM = "apple-generic";
			};
			name = Release;
		};
		83CBBA201A601CBA00E9B192 /* Debug */ = {
			isa = XCBuildConfiguration;
			buildSettings = {
				ALWAYS_SEARCH_USER_PATHS = NO;
				CLANG_ANALYZER_LOCALIZABILITY_NONLOCALIZED = YES;
				CLANG_CXX_LANGUAGE_STANDARD = "gnu++0x";
				CLANG_CXX_LIBRARY = "libc++";
				CLANG_ENABLE_MODULES = YES;
				CLANG_ENABLE_OBJC_ARC = YES;
				CLANG_WARN_BLOCK_CAPTURE_AUTORELEASING = YES;
				CLANG_WARN_BOOL_CONVERSION = YES;
				CLANG_WARN_COMMA = YES;
				CLANG_WARN_CONSTANT_CONVERSION = YES;
				CLANG_WARN_DEPRECATED_OBJC_IMPLEMENTATIONS = YES;
				CLANG_WARN_DIRECT_OBJC_ISA_USAGE = YES_ERROR;
				CLANG_WARN_EMPTY_BODY = YES;
				CLANG_WARN_ENUM_CONVERSION = YES;
				CLANG_WARN_INFINITE_RECURSION = YES;
				CLANG_WARN_INT_CONVERSION = YES;
				CLANG_WARN_NON_LITERAL_NULL_CONVERSION = YES;
				CLANG_WARN_OBJC_IMPLICIT_RETAIN_SELF = YES;
				CLANG_WARN_OBJC_LITERAL_CONVERSION = YES;
				CLANG_WARN_OBJC_ROOT_CLASS = YES_ERROR;
				CLANG_WARN_QUOTED_INCLUDE_IN_FRAMEWORK_HEADER = YES;
				CLANG_WARN_RANGE_LOOP_ANALYSIS = YES;
				CLANG_WARN_STRICT_PROTOTYPES = YES;
				CLANG_WARN_SUSPICIOUS_MOVE = YES;
				CLANG_WARN_UNREACHABLE_CODE = YES;
				CLANG_WARN__DUPLICATE_METHOD_MATCH = YES;
				CODE_SIGN_ENTITLEMENTS = players/yes.entitlements;
				"CODE_SIGN_IDENTITY[sdk=iphoneos*]" = "iPhone Developer";
				COPY_PHASE_STRIP = NO;
				ENABLE_STRICT_OBJC_MSGSEND = YES;
				ENABLE_TESTABILITY = YES;
				GCC_C_LANGUAGE_STANDARD = gnu99;
				GCC_DYNAMIC_NO_PIC = NO;
				GCC_NO_COMMON_BLOCKS = YES;
				GCC_OPTIMIZATION_LEVEL = 0;
				GCC_PREPROCESSOR_DEFINITIONS = (
					"DEBUG=1",
					"$(inherited)",
				);
				GCC_SYMBOLS_PRIVATE_EXTERN = NO;
				GCC_WARN_64_TO_32_BIT_CONVERSION = YES;
				GCC_WARN_ABOUT_RETURN_TYPE = YES_ERROR;
				GCC_WARN_UNDECLARED_SELECTOR = YES;
				GCC_WARN_UNINITIALIZED_AUTOS = YES_AGGRESSIVE;
				GCC_WARN_UNUSED_FUNCTION = YES;
				GCC_WARN_UNUSED_VARIABLE = YES;
				IPHONEOS_DEPLOYMENT_TARGET = 12.0;
				LD_RUNPATH_SEARCH_PATHS = (
					/usr/lib/swift,
					"$(inherited)",
				);
				LIBRARY_SEARCH_PATHS = (
					"\"$(TOOLCHAIN_DIR)/usr/lib/swift/$(PLATFORM_NAME)\"",
					"\"$(TOOLCHAIN_DIR)/usr/lib/swift-5.0/$(PLATFORM_NAME)\"",
					"\"$(inherited)\"",
				);
				MTL_ENABLE_DEBUG_INFO = YES;
				ONLY_ACTIVE_ARCH = YES;
				SDKROOT = iphoneos;
			};
			name = Debug;
		};
		83CBBA211A601CBA00E9B192 /* Release */ = {
			isa = XCBuildConfiguration;
			buildSettings = {
				ALWAYS_SEARCH_USER_PATHS = NO;
				CLANG_ANALYZER_LOCALIZABILITY_NONLOCALIZED = YES;
				CLANG_CXX_LANGUAGE_STANDARD = "gnu++0x";
				CLANG_CXX_LIBRARY = "libc++";
				CLANG_ENABLE_MODULES = YES;
				CLANG_ENABLE_OBJC_ARC = YES;
				CLANG_WARN_BLOCK_CAPTURE_AUTORELEASING = YES;
				CLANG_WARN_BOOL_CONVERSION = YES;
				CLANG_WARN_COMMA = YES;
				CLANG_WARN_CONSTANT_CONVERSION = YES;
				CLANG_WARN_DEPRECATED_OBJC_IMPLEMENTATIONS = YES;
				CLANG_WARN_DIRECT_OBJC_ISA_USAGE = YES_ERROR;
				CLANG_WARN_EMPTY_BODY = YES;
				CLANG_WARN_ENUM_CONVERSION = YES;
				CLANG_WARN_INFINITE_RECURSION = YES;
				CLANG_WARN_INT_CONVERSION = YES;
				CLANG_WARN_NON_LITERAL_NULL_CONVERSION = YES;
				CLANG_WARN_OBJC_IMPLICIT_RETAIN_SELF = YES;
				CLANG_WARN_OBJC_LITERAL_CONVERSION = YES;
				CLANG_WARN_OBJC_ROOT_CLASS = YES_ERROR;
				CLANG_WARN_QUOTED_INCLUDE_IN_FRAMEWORK_HEADER = YES;
				CLANG_WARN_RANGE_LOOP_ANALYSIS = YES;
				CLANG_WARN_STRICT_PROTOTYPES = YES;
				CLANG_WARN_SUSPICIOUS_MOVE = YES;
				CLANG_WARN_UNREACHABLE_CODE = YES;
				CLANG_WARN__DUPLICATE_METHOD_MATCH = YES;
				CODE_SIGN_ENTITLEMENTS = players/yes.entitlements;
				"CODE_SIGN_IDENTITY[sdk=iphoneos*]" = "iPhone Developer";
				COPY_PHASE_STRIP = YES;
				ENABLE_NS_ASSERTIONS = NO;
				ENABLE_STRICT_OBJC_MSGSEND = YES;
				GCC_C_LANGUAGE_STANDARD = gnu99;
				GCC_NO_COMMON_BLOCKS = YES;
				GCC_WARN_64_TO_32_BIT_CONVERSION = YES;
				GCC_WARN_ABOUT_RETURN_TYPE = YES_ERROR;
				GCC_WARN_UNDECLARED_SELECTOR = YES;
				GCC_WARN_UNINITIALIZED_AUTOS = YES_AGGRESSIVE;
				GCC_WARN_UNUSED_FUNCTION = YES;
				GCC_WARN_UNUSED_VARIABLE = YES;
				IPHONEOS_DEPLOYMENT_TARGET = 12.0;
				LD_RUNPATH_SEARCH_PATHS = (
					/usr/lib/swift,
					"$(inherited)",
				);
				LIBRARY_SEARCH_PATHS = (
					"\"$(TOOLCHAIN_DIR)/usr/lib/swift/$(PLATFORM_NAME)\"",
					"\"$(TOOLCHAIN_DIR)/usr/lib/swift-5.0/$(PLATFORM_NAME)\"",
					"\"$(inherited)\"",
				);
				MTL_ENABLE_DEBUG_INFO = NO;
				SDKROOT = iphoneos;
				VALIDATE_PRODUCT = YES;
			};
			name = Release;
		};
/* End XCBuildConfiguration section */

/* Begin XCConfigurationList section */
		13B07F931A680F5B00A75B9A /* Build configuration list for PBXNativeTarget "players" */ = {
			isa = XCConfigurationList;
			buildConfigurations = (
				13B07F941A680F5B00A75B9A /* Debug */,
				13B07F951A680F5B00A75B9A /* Release */,
			);
			defaultConfigurationIsVisible = 0;
			defaultConfigurationName = Release;
		};
		83CBB9FA1A601CBA00E9B192 /* Build configuration list for PBXProject "players" */ = {
			isa = XCConfigurationList;
			buildConfigurations = (
				83CBBA201A601CBA00E9B192 /* Debug */,
				83CBBA211A601CBA00E9B192 /* Release */,
			);
			defaultConfigurationIsVisible = 0;
			defaultConfigurationName = Release;
		};
/* End XCConfigurationList section */
	};
	rootObject = 83CBB9F71A601CBA00E9B192 /* Project object */;
}
